{
  "name": "@kerrody/logfile-logger",
  "version": "1.0.0",
  "lockfileVersion": 2,
  "requires": true,
  "packages": {
    "": {
      "name": "@kerrody/logfile-logger",
      "version": "1.0.0",
      "license": "ISC",
      "dependencies": {
        "@kerrody/logfile-logger": "^1.0.0"
      }
    },
    "node_modules/@kerrody/logfile-logger": {
      "version": "1.0.0",
      "resolved": "https://registry.npmjs.org/@kerrody/logfile-logger/-/logfile-logger-1.0.0.tgz",
      "integrity": "sha512-ykK3Oux5zTXjvTqeDx0AuLStkPdSh3XMbCRIKdYu5Ha+HMnBkA3lmLXxqby+LDp1494uEoYJvf+QCuhAaCnhIw=="
    }
  },
  "dependencies": {
    "@kerrody/logfile-logger": {
      "version": "1.0.0",
      "resolved": "https://registry.npmjs.org/@kerrody/logfile-logger/-/logfile-logger-1.0.0.tgz",
      "integrity": "sha512-ykK3Oux5zTXjvTqeDx0AuLStkPdSh3XMbCRIKdYu5Ha+HMnBkA3lmLXxqby+LDp1494uEoYJvf+QCuhAaCnhIw=="
    }
  }
}
